{
  "name": "with-docker",
  "version": "0.0.0",
  "lockfileVersion": 3,
  "requires": true,
  "packages": {
    "": {
      "name": "with-docker",
      "version": "0.0.0",
      "devDependencies": {
        "prettier": "^3.2.5",
        "turbo": "^2.7.5"
      },
      "engines": {
        "node": ">=14.0.0",
        "npm": ">=7.0.0"
      }
    },
    "node_modules/prettier": {
      "version": "3.8.1",
      "resolved": "https://registry.npmjs.org/prettier/-/prettier-3.8.1.tgz",
      "integrity": "sha512-UOnG6LftzbdaHZcKoPFtOcCKztrQ57WkHDeRD9t/PTQtmT0NHSeWWepj6pS0z/N7+08BHFDQVUrfmfMRcZwbMg==",
      "dev": true,
      "license": "MIT",
      "bin": {
        "prettier": "bin/prettier.cjs"
      },
      "engines": {
        "node": ">=14"
      },
      "funding": {
        "url": "https://github.com/prettier/prettier?sponsor=1"
      }
    },
    "node_modules/turbo": {
      "version": "2.8.7",
      "resolved": "https://registry.npmjs.org/turbo/-/turbo-2.8.7.tgz",
      "integrity": "sha512-RBLh5caMAu1kFdTK1jgH2gH/z+jFsvX5rGbhgJ9nlIAWXSvxlzwId05uDlBA1+pBd3wO/UaKYzaQZQBXDd7kcA==",
      "dev": true,
      "license": "MIT",
      "bin": {
        "turbo": "bin/turbo"
      },
      "optionalDependencies": {
        "turbo-darwin-64": "2.8.7",
        "turbo-darwin-arm64": "2.8.7",
        "turbo-linux-64": "2.8.7",
        "turbo-linux-arm64": "2.8.7",
        "turbo-windows-64": "2.8.7",
        "turbo-windows-arm64": "2.8.7"
      }
    },
    "node_modules/turbo-darwin-64": {
      "version": "2.8.7",
      "resolved": "https://registry.npmjs.org/turbo-darwin-64/-/turbo-darwin-64-2.8.7.tgz",
      "integrity": "sha512-Xr4TO/oDDwoozbDtBvunb66g//WK8uHRygl72vUthuwzmiw48pil4IuoG/QbMHd9RE8aBnVmzC0WZEWk/WWt3A==",
      "cpu": [
        "x64"
      ],
      "dev": true,
      "license": "MIT",
      "optional": true,
      "os": [
        "darwin"
      ]
    },
    "node_modules/turbo-darwin-arm64": {
      "version": "2.8.7",
      "resolved": "https://registry.npmjs.org/turbo-darwin-arm64/-/turbo-darwin-arm64-2.8.7.tgz",
      "integrity": "sha512-p8Xbmb9kZEY/NoshQUcFmQdO80s2PCGoLYj5DbpxjZr3diknipXxzOK7pcmT7l2gNHaMCpFVWLkiFY9nO3EU5w==",
      "cpu": [
        "arm64"
      ],
      "dev": true,
      "license": "MIT",
      "optional": true,
      "os": [
        "darwin"
      ]
    },
    "node_modules/turbo-linux-64": {
      "version": "2.8.7",
      "resolved": "https://registry.npmjs.org/turbo-linux-64/-/turbo-linux-64-2.8.7.tgz",
      "integrity": "sha512-nwfEPAH3m5y/nJeYly3j1YJNYU2EG5+2ysZUxvBNM+VBV2LjQaLxB9CsEIpIOKuWKCjnFHKIADTSDPZ3D12J5Q==",
      "cpu": [
        "x64"
      ],
      "dev": true,
      "license": "MIT",
      "optional": true,
      "os": [
        "linux"
      ]
    },
    "node_modules/turbo-linux-arm64": {
      "version": "2.8.7",
      "resolved": "https://registry.npmjs.org/turbo-linux-arm64/-/turbo-linux-arm64-2.8.7.tgz",
      "integrity": "sha512-mgA/M6xiJzyxtXV70TtWGDPh+I6acOKmeQGtOzbFQZYEf794pu5jax26bCk5skAp1gqZu3vacPr6jhYHoHU9IQ==",
      "cpu": [
        "arm64"
      ],
      "dev": true,
      "license": "MIT",
      "optional": true,
      "os": [
        "linux"
      ]
    },
    "node_modules/turbo-windows-64": {
      "version": "2.8.7",
      "resolved": "https://registry.npmjs.org/turbo-windows-64/-/turbo-windows-64-2.8.7.tgz",
      "integrity": "sha512-sHTYMaXuCcyHnGUQgfUUt7S8407TWoP14zc/4N2tsM0wZNK6V9h4H2t5jQPtqKEb6Fg8313kygdDgEwuM4vsHg==",
      "cpu": [
        "x64"
      ],
      "dev": true,
      "license": "MIT",
      "optional": true,
      "os": [
        "win32"
      ]
    },
    "node_modules/turbo-windows-arm64": {
      "version": "2.8.7",
      "resolved": "https://registry.npmjs.org/turbo-windows-arm64/-/turbo-windows-arm64-2.8.7.tgz",
      "integrity": "sha512-WyGiOI2Zp3AhuzVagzQN+T+iq0fWx0oGxDfAWT3ZiLEd4U0cDUkwUZDKVGb3rKqPjDL6lWnuxKKu73ge5xtovQ==",
      "cpu": [
        "arm64"
      ],
      "dev": true,
      "license": "MIT",
      "optional": true,
      "os": [
        "win32"
      ]
    }
  }
}
